
Microsoft Visual Studio Solution File, Format Version 12.00
# Visual Studio Version 17
VisualStudioVersion = 17.5.002.0
MinimumVisualStudioVersion = 10.0.40219.1
Project("{9A19103F-16F7-4668-BE54-9A1E7A4F7556}") = "BuildClassAnimal", "BuildClassAnimal.csproj", "{A054DE3D-8B6B-4695-B76A-9FB8574EF0C5}"
EndProject
Global
	GlobalSection(SolutionConfigurationPlatforms) = preSolution
		Debug|Any CPU = Debug|Any CPU
		Release|Any CPU = Release|Any CPU
	EndGlobalSection
	GlobalSection(ProjectConfigurationPlatforms) = postSolution
		{A054DE3D-8B6B-4695-B76A-9FB8574EF0C5}.Debug|Any CPU.ActiveCfg = Debug|Any CPU
		{A054DE3D-8B6B-4695-B76A-9FB8574EF0C5}.Debug|Any CPU.Build.0 = Debug|Any CPU
		{A054DE3D-8B6B-4695-B76A-9FB8574EF0C5}.Release|Any CPU.ActiveCfg = Release|Any CPU
		{A054DE3D-8B6B-4695-B76A-9FB8574EF0C5}.Release|Any CPU.Build.0 = Release|Any CPU
	EndGlobalSection
	GlobalSection(SolutionProperties) = preSolution
		HideSolutionNode = FALSE
	EndGlobalSection
	GlobalSection(ExtensibilityGlobals) = postSolution
		SolutionGuid = {82E214CA-A817-42BB-9A4A-ACAF3F5EDBF4}
	EndGlobalSection
EndGlobal
